
Microsoft Visual Studio Solution File, Format Version 12.00
# Visual Studio 15
VisualStudioVersion = 15.0.26430.16
MinimumVisualStudioVersion = 10.0.40219.1
Project("{9092AA53-FB77-4645-B42D-1CCCA6BD08BD}") = "ChiChi", "ChiChi.njsproj", "{D2CD5890-D95C-40F0-B3EA-7B9D8E8B0AA1}"
EndProject
Project("{9092AA53-FB77-4645-B42D-1CCCA6BD08BD}") = "ChiChiLib", "chichilib\ChiChiLib.njsproj", "{62A3BA30-177A-44A1-81A4-AB1C6221989A}"
EndProject
Project("{9092AA53-FB77-4645-B42D-1CCCA6BD08BD}") = "ChiChiNsf", "nsfplayer\ChiChiNsf.njsproj", "{DC1FDFC0-CFEA-4EAC-84E8-06EDD5E2FA0C}"
EndProject
Global
	GlobalSection(SolutionConfigurationPlatforms) = preSolution
		Debug|Any CPU = Debug|Any CPU
		Release|Any CPU = Release|Any CPU
	EndGlobalSection
	GlobalSection(ProjectConfigurationPlatforms) = postSolution
		{D2CD5890-D95C-40F0-B3EA-7B9D8E8B0AA1}.Debug|Any CPU.ActiveCfg = Debug|Any CPU
		{D2CD5890-D95C-40F0-B3EA-7B9D8E8B0AA1}.Debug|Any CPU.Build.0 = Debug|Any CPU
		{D2CD5890-D95C-40F0-B3EA-7B9D8E8B0AA1}.Release|Any CPU.ActiveCfg = Release|Any CPU
		{D2CD5890-D95C-40F0-B3EA-7B9D8E8B0AA1}.Release|Any CPU.Build.0 = Release|Any CPU
		{62A3BA30-177A-44A1-81A4-AB1C6221989A}.Debug|Any CPU.ActiveCfg = Debug|Any CPU
		{62A3BA30-177A-44A1-81A4-AB1C6221989A}.Debug|Any CPU.Build.0 = Debug|Any CPU
		{62A3BA30-177A-44A1-81A4-AB1C6221989A}.Release|Any CPU.ActiveCfg = Release|Any CPU
		{62A3BA30-177A-44A1-81A4-AB1C6221989A}.Release|Any CPU.Build.0 = Release|Any CPU
		{DC1FDFC0-CFEA-4EAC-84E8-06EDD5E2FA0C}.Debug|Any CPU.ActiveCfg = Debug|Any CPU
		{DC1FDFC0-CFEA-4EAC-84E8-06EDD5E2FA0C}.Debug|Any CPU.Build.0 = Debug|Any CPU
		{DC1FDFC0-CFEA-4EAC-84E8-06EDD5E2FA0C}.Release|Any CPU.ActiveCfg = Release|Any CPU
		{DC1FDFC0-CFEA-4EAC-84E8-06EDD5E2FA0C}.Release|Any CPU.Build.0 = Release|Any CPU
	EndGlobalSection
	GlobalSection(SolutionProperties) = preSolution
		HideSolutionNode = FALSE
	EndGlobalSection
EndGlobal
